
Microsoft Visual Studio Solution File, Format Version 12.00
# Visual Studio Version 17
VisualStudioVersion = 17.4.33213.308
MinimumVisualStudioVersion = 10.0.40219.1
Project("{FAE04EC0-301F-11D3-BF4B-00C04F79EFBC}") = "Practice one", "Practice one\Practice one.csproj", "{5D049B49-C7C5-4073-B543-6CF7B4E110C0}"
EndProject
Global
	GlobalSection(SolutionConfigurationPlatforms) = preSolution
		Debug|Any CPU = Debug|Any CPU
		Release|Any CPU = Release|Any CPU
	EndGlobalSection
	GlobalSection(ProjectConfigurationPlatforms) = postSolution
		{5D049B49-C7C5-4073-B543-6CF7B4E110C0}.Debug|Any CPU.ActiveCfg = Debug|Any CPU
		{5D049B49-C7C5-4073-B543-6CF7B4E110C0}.Debug|Any CPU.Build.0 = Debug|Any CPU
		{5D049B49-C7C5-4073-B543-6CF7B4E110C0}.Release|Any CPU.ActiveCfg = Release|Any CPU
		{5D049B49-C7C5-4073-B543-6CF7B4E110C0}.Release|Any CPU.Build.0 = Release|Any CPU
	EndGlobalSection
	GlobalSection(SolutionProperties) = preSolution
		HideSolutionNode = FALSE
	EndGlobalSection
	GlobalSection(ExtensibilityGlobals) = postSolution
		SolutionGuid = {1D81332E-893F-4691-9505-6E2D6BCF9ECC}
	EndGlobalSection
EndGlobal
